
Microsoft Visual Studio Solution File, Format Version 12.00
# Visual Studio Version 17
VisualStudioVersion = 17.0.31903.59
MinimumVisualStudioVersion = 10.0.40219.1
Project("{9A19103F-16F7-4668-BE54-9A1E7A4F7556}") = "Vokseverk.KeyValueEditor", "Vokseverk.KeyValueEditor.csproj", "{E5EC4554-7B41-48D6-ABC1-EC69490B3327}"
EndProject
Global
	GlobalSection(SolutionConfigurationPlatforms) = preSolution
		Debug|Any CPU = Debug|Any CPU
		Release|Any CPU = Release|Any CPU
	EndGlobalSection
	GlobalSection(ProjectConfigurationPlatforms) = postSolution
		{E5EC4554-7B41-48D6-ABC1-EC69490B3327}.Debug|Any CPU.ActiveCfg = Debug|Any CPU
		{E5EC4554-7B41-48D6-ABC1-EC69490B3327}.Debug|Any CPU.Build.0 = Debug|Any CPU
		{E5EC4554-7B41-48D6-ABC1-EC69490B3327}.Release|Any CPU.ActiveCfg = Release|Any CPU
		{E5EC4554-7B41-48D6-ABC1-EC69490B3327}.Release|Any CPU.Build.0 = Release|Any CPU
	EndGlobalSection
	GlobalSection(SolutionProperties) = preSolution
		HideSolutionNode = FALSE
	EndGlobalSection
	GlobalSection(ExtensibilityGlobals) = postSolution
		SolutionGuid = {C047E55A-A8D6-410A-BD38-E308E5FD3E95}
	EndGlobalSection
EndGlobal
